# This file is automatically @generated by Poetry 2.1.1 and should not be changed by hand.

[[package]]
name = "async-timeout"
version = "5.0.1"
description = "Timeout context manager for asyncio programs"
optional = false
python-versions = ">=3.8"
groups = ["main"]
markers = "python_full_version < \"3.11.3\""
files = [
    {file = "async_timeout-5.0.1-py3-none-any.whl", hash = "sha256:39e3809566ff85354557ec2398b55e096c8364bacac9405a7a1fa429e77fe76c"},
    {file = "async_timeout-5.0.1.tar.gz", hash = "sha256:d9321a7a3d5a6a5e187e824d2fa0793ce379a202935782d555d6e9d2735677d3"},
]

[[package]]
name = "attrs"
version = "25.4.0"
description = "Classes Without Boilerplate"
optional = false
python-versions = ">=3.9"
groups = ["main"]
files = [
    {file = "attrs-25.4.0-py3-none-any.whl", hash = "sha256:adcf7e2a1fb3b36ac48d97835bb6d8ade15b8dcce26aba8bf1d14847b57a3373"},
    {file = "attrs-25.4.0.tar.gz", hash = "sha256:16d5969b87f0859ef33a48b35d55ac1be6e42ae49d5e853b597db70c35c57e11"},
]

[[package]]
name = "automat"
version = "25.4.16"
description = "Self-service finite-state machines for the programmer on the go."
optional = false
python-versions = ">=3.9"
groups = ["main"]
files = [
    {file = "automat-25.4.16-py3-none-any.whl", hash = "sha256:04e9bce696a8d5671ee698005af6e5a9fa15354140a87f4870744604dcdd3ba1"},
    {file = "automat-25.4.16.tar.gz", hash = "sha256:0017591a5477066e90d26b0e696ddc143baafd87b588cfac8100bc6be9634de0"},
]

[package.extras]
visualize = ["Twisted (>=16.1.1)", "graphviz (>0.5.1)"]

[[package]]
name = "constantly"
version = "23.10.4"
description = "Symbolic constants in Python"
optional = false
python-versions = ">=3.8"
groups = ["main"]
files = [
    {file = "constantly-23.10.4-py3-none-any.whl", hash = "sha256:3fd9b4d1c3dc1ec9757f3c52aef7e53ad9323dbe39f51dfd4c43853b68dfa3f9"},
    {file = "constantly-23.10.4.tar.gz", hash = "sha256:aa92b70a33e2ac0bb33cd745eb61776594dc48764b06c35e0efd050b7f1c7cbd"},
]

[[package]]
name = "devioc"
version = "2025.6.2"
description = "Simple Python Device IOC Support for EPICS"
optional = false
python-versions = "<4.0,>=3.9"
groups = ["main"]
files = [
    {file = "devioc-2025.6.2-py3-none-any.whl", hash = "sha256:c4e500a2a5c6626844dd7b01677456d7b9744aa44edce3642ce182952e8b0da2"},
    {file = "devioc-2025.6.2.tar.gz", hash = "sha256:336cda6d8f55f6d4b9b30a29fda18821d2d914d9e53ded85cfa8ce0bc52a22fa"},
]

[package.dependencies]
gepics = ">=2025.10.3,<2026.0.0"
numpy = ">=1.2.0,<3.0.0"
PyGObject = ">=3.44.2,<4.0.0"
Twisted = "*"

[[package]]
name = "gepics"
version = "2025.10.5"
description = "GObject Wrapper for PyEPICS PV"
optional = false
python-versions = "<4.0,>=3.9"
groups = ["main"]
files = [
    {file = "gepics-2025.10.5-py3-none-any.whl", hash = "sha256:5fa3121e20730a5f993760040a6360e63173ae4d58e3e62c2a819eb603b68de6"},
    {file = "gepics-2025.10.5.tar.gz", hash = "sha256:af8615da0e9f431eaecb5620eb3a39342e12c017ae569a83781884a4e361aa55"},
]

[package.dependencies]
numpy = "*"
pyepics = "*"
pygobject = "*"

[[package]]
name = "hyperlink"
version = "21.0.0"
description = "A featureful, immutable, and correct URL for Python."
optional = false
python-versions = ">=2.6, !=3.0.*, !=3.1.*, !=3.2.*, !=3.3.*"
groups = ["main"]
files = [
    {file = "hyperlink-21.0.0-py2.py3-none-any.whl", hash = "sha256:e6b14c37ecb73e89c77d78cdb4c2cc8f3fb59a885c5b3f819ff4ed80f25af1b4"},
    {file = "hyperlink-21.0.0.tar.gz", hash = "sha256:427af957daa58bc909471c6c40f74c5450fa123dd093fc53efd2e91d2705a56b"},
]

[package.dependencies]
idna = ">=2.5"

[[package]]
name = "idna"
version = "3.11"
description = "Internationalized Domain Names in Applications (IDNA)"
optional = false
python-versions = ">=3.8"
groups = ["main"]
files = [
    {file = "idna-3.11-py3-none-any.whl", hash = "sha256:771a87f49d9defaf64091e6e6fe9c18d4833f140bd19464795bc32d966ca37ea"},
    {file = "idna-3.11.tar.gz", hash = "sha256:795dafcc9c04ed0c1fb032c2aa73654d8e8c5023a7df64a53f39190ada629902"},
]

[package.extras]
all = ["flake8 (>=7.1.1)", "mypy (>=1.11.2)", "pytest (>=8.3.2)", "ruff (>=0.6.2)"]

[[package]]
name = "incremental"
version = "24.11.0"
description = "A CalVer version manager that supports the future."
optional = false
python-versions = ">=3.8"
groups = ["main"]
files = [
    {file = "incremental-24.11.0-py3-none-any.whl", hash = "sha256:a34450716b1c4341fe6676a0598e88a39e04189f4dce5dc96f656e040baa10b3"},
    {file = "incremental-24.11.0.tar.gz", hash = "sha256:87d3480dbb083c1d736222511a8cf380012a8176c2456d01ef483242abbbcf8c"},
]

[package.dependencies]
packaging = ">=17.0"

[[package]]
name = "numpy"
version = "2.4.2"
description = "Fundamental package for array computing in Python"
optional = false
python-versions = ">=3.11"
groups = ["main"]
files = [
    {file = "numpy-2.4.2-cp311-cp311-macosx_10_9_x86_64.whl", hash = "sha256:e7e88598032542bd49af7c4747541422884219056c268823ef6e5e89851c8825"},
    {file = "numpy-2.4.2-cp311-cp311-macosx_11_0_arm64.whl", hash = "sha256:7edc794af8b36ca37ef5fcb5e0d128c7e0595c7b96a2318d1badb6fcd8ee86b1"},
    {file = "numpy-2.4.2-cp311-cp311-macosx_14_0_arm64.whl", hash = "sha256:6e9f61981ace1360e42737e2bae58b27bf28a1b27e781721047d84bd754d32e7"},
    {file = "numpy-2.4.2-cp311-cp311-macosx_14_0_x86_64.whl", hash = "sha256:cb7bbb88aa74908950d979eeaa24dbdf1a865e3c7e45ff0121d8f70387b55f73"},
    {file = "numpy-2.4.2-cp311-cp311-manylinux_2_27_aarch64.manylinux_2_28_aarch64.whl", hash = "sha256:4f069069931240b3fc703f1e23df63443dbd6390614c8c44a87d96cd0ec81eb1"},
    {file = "numpy-2.4.2-cp311-cp311-manylinux_2_27_x86_64.manylinux_2_28_x86_64.whl", hash = "sha256:c02ef4401a506fb60b411467ad501e1429a3487abca4664871d9ae0b46c8ba32"},
    {file = "numpy-2.4.2-cp311-cp311-musllinux_1_2_aarch64.whl", hash = "sha256:2653de5c24910e49c2b106499803124dde62a5a1fe0eedeaecf4309a5f639390"},
    {file = "numpy-2.4.2-cp311-cp311-musllinux_1_2_x86_64.whl", hash = "sha256:1ae241bbfc6ae276f94a170b14785e561cb5e7f626b6688cf076af4110887413"},
    {file = "numpy-2.4.2-cp311-cp311-win32.whl", hash = "sha256:df1b10187212b198dd45fa943d8985a3c8cf854aed4923796e0e019e113a1bda"},
    {file = "numpy-2.4.2-cp311-cp311-win_amd64.whl", hash = "sha256:b9c618d56a29c9cb1c4da979e9899be7578d2e0b3c24d52079c166324c9e8695"},
    {file = "numpy-2.4.2-cp311-cp311-win_arm64.whl", hash = "sha256:47c5a6ed21d9452b10227e5e8a0e1c22979811cad7dcc19d8e3e2fb8fa03f1a3"},
    {file = "numpy-2.4.2-cp312-cp312-macosx_10_13_x86_64.whl", hash = "sha256:21982668592194c609de53ba4933a7471880ccbaadcc52352694a59ecc860b3a"},
    {file = "numpy-2.4.2-cp312-cp312-macosx_11_0_arm64.whl", hash = "sha256:40397bda92382fcec844066efb11f13e1c9a3e2a8e8f318fb72ed8b6db9f60f1"},
    {file = "numpy-2.4.2-cp312-cp312-macosx_14_0_arm64.whl", hash = "sha256:b3a24467af63c67829bfaa61eecf18d5432d4f11992688537be59ecd6ad32f5e"},
    {file = "numpy-2.4.2-cp312-cp312-macosx_14_0_x86_64.whl", hash = "sha256:805cc8de9fd6e7a22da5aed858e0ab16be5a4db6c873dde1d7451c541553aa27"},
    {file = "numpy-2.4.2-cp312-cp312-manylinux_2_27_aarch64.manylinux_2_28_aarch64.whl", hash = "sha256:6d82351358ffbcdcd7b686b90742a9b86632d6c1c051016484fa0b326a0a1548"},
    {file = "numpy-2.4.2-cp312-cp312-manylinux_2_27_x86_64.manylinux_2_28_x86_64.whl", hash = "sha256:9e35d3e0144137d9fdae62912e869136164534d64a169f86438bc9561b6ad49f"},
    {file = "numpy-2.4.2-cp312-cp312-musllinux_1_2_aarch64.whl", hash = "sha256:adb6ed2ad29b9e15321d167d152ee909ec73395901b70936f029c3bc6d7f4460"},
    {file = "numpy-2.4.2-cp312-cp312-musllinux_1_2_x86_64.whl", hash = "sha256:8906e71fd8afcb76580404e2a950caef2685df3d2a57fe82a86ac8d33cc007ba"},
    {file = "numpy-2.4.2-cp312-cp312-win32.whl", hash = "sha256:ec055f6dae239a6299cace477b479cca2fc125c5675482daf1dd886933a1076f"},
    {file = "numpy-2.4.2-cp312-cp312-win_amd64.whl", hash = "sha256:209fae046e62d0ce6435fcfe3b1a10537e858249b3d9b05829e2a05218296a85"},
    {file = "numpy-2.4.2-cp312-cp312-win_arm64.whl", hash = "sha256:fbde1b0c6e81d56f5dccd95dd4a711d9b95df1ae4009a60887e56b27e8d903fa"},
    {file = "numpy-2.4.2-cp313-cp313-macosx_10_13_x86_64.whl", hash = "sha256:25f2059807faea4b077a2b6837391b5d830864b3543627f381821c646f31a63c"},
    {file = "numpy-2.4.2-cp313-cp313-macosx_11_0_arm64.whl", hash = "sha256:bd3a7a9f5847d2fb8c2c6d1c862fa109c31a9abeca1a3c2bd5a64572955b2979"},
    {file = "numpy-2.4.2-cp313-cp313-macosx_14_0_arm64.whl", hash = "sha256:8e4549f8a3c6d13d55041925e912bfd834285ef1dd64d6bc7d542583355e2e98"},
    {file = "numpy-2.4.2-cp313-cp313-macosx_14_0_x86_64.whl", hash = "sha256:aea4f66ff44dfddf8c2cffd66ba6538c5ec67d389285292fe428cb2c738c8aef"},
    {file = "numpy-2.4.2-cp313-cp313-manylinux_2_27_aarch64.manylinux_2_28_aarch64.whl", hash = "sha256:c3cd545784805de05aafe1dde61752ea49a359ccba9760c1e5d1c88a93bbf2b7"},
    {file = "numpy-2.4.2-cp313-cp313-manylinux_2_27_x86_64.manylinux_2_28_x86_64.whl", hash = "sha256:d0d9b7c93578baafcbc5f0b83eaf17b79d345c6f36917ba0c67f45226911d499"},
    {file = "numpy-2.4.2-cp313-cp313-musllinux_1_2_aarch64.whl", hash = "sha256:f74f0f7779cc7ae07d1810aab8ac6b1464c3eafb9e283a40da7309d5e6e48fbb"},
    {file = "numpy-2.4.2-cp313-cp313-musllinux_1_2_x86_64.whl", hash = "sha256:c7ac672d699bf36275c035e16b65539931347d68b70667d28984c9fb34e07fa7"},
    {file = "numpy-2.4.2-cp313-cp313-win32.whl", hash = "sha256:8e9afaeb0beff068b4d9cd20d322ba0ee1cecfb0b08db145e4ab4dd44a6b5110"},
    {file = "numpy-2.4.2-cp313-cp313-win_amd64.whl", hash = "sha256:7df2de1e4fba69a51c06c28f5a3de36731eb9639feb8e1cf7e4a7b0daf4cf622"},
    {file = "numpy-2.4.2-cp313-cp313-win_arm64.whl", hash = "sha256:0fece1d1f0a89c16b03442eae5c56dc0be0c7883b5d388e0c03f53019a4bfd71"},
    {file = "numpy-2.4.2-cp313-cp313t-macosx_11_0_arm64.whl", hash = "sha256:5633c0da313330fd20c484c78cdd3f9b175b55e1a766c4a174230c6b70ad8262"},
    {file = "numpy-2.4.2-cp313-cp313t-macosx_14_0_arm64.whl", hash = "sha256:d9f64d786b3b1dd742c946c42d15b07497ed14af1a1f3ce840cce27daa0ce913"},
    {file = "numpy-2.4.2-cp313-cp313t-macosx_14_0_x86_64.whl", hash = "sha256:b21041e8cb6a1eb5312dd1d2f80a94d91efffb7a06b70597d44f1bd2dfc315ab"},
    {file = "numpy-2.4.2-cp313-cp313t-manylinux_2_27_aarch64.manylinux_2_28_aarch64.whl", hash = "sha256:00ab83c56211a1d7c07c25e3217ea6695e50a3e2f255053686b081dc0b091a82"},
    {file = "numpy-2.4.2-cp313-cp313t-manylinux_2_27_x86_64.manylinux_2_28_x86_64.whl", hash = "sha256:2fb882da679409066b4603579619341c6d6898fc83a8995199d5249f986e8e8f"},
    {file = "numpy-2.4.2-cp313-cp313t-musllinux_1_2_aarch64.whl", hash = "sha256:66cb9422236317f9d44b67b4d18f44efe6e9c7f8794ac0462978513359461554"},
    {file = "numpy-2.4.2-cp313-cp313t-musllinux_1_2_x86_64.whl", hash = "sha256:0f01dcf33e73d80bd8dc0f20a71303abbafa26a19e23f6b68d1aa9990af90257"},
    {file = "numpy-2.4.2-cp313-cp313t-win32.whl", hash = "sha256:52b913ec40ff7ae845687b0b34d8d93b60cb66dcee06996dd5c99f2fc9328657"},
    {file = "numpy-2.4.2-cp313-cp313t-win_amd64.whl", hash = "sha256:5eea80d908b2c1f91486eb95b3fb6fab187e569ec9752ab7d9333d2e66bf2d6b"},
    {file = "numpy-2.4.2-cp313-cp313t-win_arm64.whl", hash = "sha256:fd49860271d52127d61197bb50b64f58454e9f578cb4b2c001a6de8b1f50b0b1"},
    {file = "numpy-2.4.2-cp314-cp314-macosx_10_15_x86_64.whl", hash = "sha256:444be170853f1f9d528428eceb55f12918e4fda5d8805480f36a002f1415e09b"},
    {file = "numpy-2.4.2-cp314-cp314-macosx_11_0_arm64.whl", hash = "sha256:d1240d50adff70c2a88217698ca844723068533f3f5c5fa6ee2e3220e3bdb000"},
    {file = "numpy-2.4.2-cp314-cp314-macosx_14_0_arm64.whl", hash = "sha256:7cdde6de52fb6664b00b056341265441192d1291c130e99183ec0d4b110ff8b1"},
    {file = "numpy-2.4.2-cp314-cp314-macosx_14_0_x86_64.whl", hash = "sha256:cda077c2e5b780200b6b3e09d0b42205a3d1c68f30c6dceb90401c13bff8fe74"},
    {file = "numpy-2.4.2-cp314-cp314-manylinux_2_27_aarch64.manylinux_2_28_aarch64.whl", hash = "sha256:d30291931c915b2ab5717c2974bb95ee891a1cf22ebc16a8006bd59cd210d40a"},
    {file = "numpy-2.4.2-cp314-cp314-manylinux_2_27_x86_64.manylinux_2_28_x86_64.whl", hash = "sha256:bba37bc29d4d85761deed3954a1bc62be7cf462b9510b51d367b769a8c8df325"},
    {file = "numpy-2.4.2-cp314-cp314-musllinux_1_2_aarch64.whl", hash = "sha256:b2f0073ed0868db1dcd86e052d37279eef185b9c8db5bf61f30f46adac63c909"},
    {file = "numpy-2.4.2-cp314-cp314-musllinux_1_2_x86_64.whl", hash = "sha256:7f54844851cdb630ceb623dcec4db3240d1ac13d4990532446761baede94996a"},
    {file = "numpy-2.4.2-cp314-cp314-win32.whl", hash = "sha256:12e26134a0331d8dbd9351620f037ec470b7c75929cb8a1537f6bfe411152a1a"},
    {file = "numpy-2.4.2-cp314-cp314-win_amd64.whl", hash = "sha256:068cdb2d0d644cdb45670810894f6a0600797a69c05f1ac478e8d31670b8ee75"},
    {file = "numpy-2.4.2-cp314-cp314-win_arm64.whl", hash = "sha256:6ed0be1ee58eef41231a5c943d7d1375f093142702d5723ca2eb07db9b934b05"},
    {file = "numpy-2.4.2-cp314-cp314t-macosx_11_0_arm64.whl", hash = "sha256:98f16a80e917003a12c0580f97b5f875853ebc33e2eaa4bccfc8201ac6869308"},
    {file = "numpy-2.4.2-cp314-cp314t-macosx_14_0_arm64.whl", hash = "sha256:20abd069b9cda45874498b245c8015b18ace6de8546bf50dfa8cea1696ed06ef"},
    {file = "numpy-2.4.2-cp314-cp314t-macosx_14_0_x86_64.whl", hash = "sha256:e98c97502435b53741540a5717a6749ac2ada901056c7db951d33e11c885cc7d"},
    {file = "numpy-2.4.2-cp314-cp314t-manylinux_2_27_aarch64.manylinux_2_28_aarch64.whl", hash = "sha256:da6cad4e82cb893db4b69105c604d805e0c3ce11501a55b5e9f9083b47d2ffe8"},
    {file = "numpy-2.4.2-cp314-cp314t-manylinux_2_27_x86_64.manylinux_2_28_x86_64.whl", hash = "sha256:9e4424677ce4b47fe73c8b5556d876571f7c6945d264201180db2dc34f676ab5"},
    {file = "numpy-2.4.2-cp314-cp314t-musllinux_1_2_aarch64.whl", hash = "sha256:2b8f157c8a6f20eb657e240f8985cc135598b2b46985c5bccbde7616dc9c6b1e"},
    {file = "numpy-2.4.2-cp314-cp314t-musllinux_1_2_x86_64.whl", hash = "sha256:5daf6f3914a733336dab21a05cdec343144600e964d2fcdabaac0c0269874b2a"},
    {file = "numpy-2.4.2-cp314-cp314t-win32.whl", hash = "sha256:8c50dd1fc8826f5b26a5ee4d77ca55d88a895f4e4819c7ecc2a9f5905047a443"},
    {file = "numpy-2.4.2-cp314-cp314t-win_amd64.whl", hash = "sha256:fcf92bee92742edd401ba41135185866f7026c502617f422eb432cfeca4fe236"},
    {file = "numpy-2.4.2-cp314-cp314t-win_arm64.whl", hash = "sha256:1f92f53998a17265194018d1cc321b2e96e900ca52d54c7c77837b71b9465181"},
    {file = "numpy-2.4.2-pp311-pypy311_pp73-macosx_10_15_x86_64.whl", hash = "sha256:89f7268c009bc492f506abd6f5265defa7cb3f7487dc21d357c3d290add45082"},
    {file = "numpy-2.4.2-pp311-pypy311_pp73-macosx_11_0_arm64.whl", hash = "sha256:e6dee3bb76aa4009d5a912180bf5b2de012532998d094acee25d9cb8dee3e44a"},
    {file = "numpy-2.4.2-pp311-pypy311_pp73-macosx_14_0_arm64.whl", hash = "sha256:cd2bd2bbed13e213d6b55dc1d035a4f91748a7d3edc9480c13898b0353708920"},
    {file = "numpy-2.4.2-pp311-pypy311_pp73-macosx_14_0_x86_64.whl", hash = "sha256:cf28c0c1d4c4bf00f509fa7eb02c58d7caf221b50b467bcb0d9bbf1584d5c821"},
    {file = "numpy-2.4.2-pp311-pypy311_pp73-manylinux_2_27_aarch64.manylinux_2_28_aarch64.whl", hash = "sha256:e04ae107ac591763a47398bb45b568fc38f02dbc4aa44c063f67a131f99346cb"},
    {file = "numpy-2.4.2-pp311-pypy311_pp73-manylinux_2_27_x86_64.manylinux_2_28_x86_64.whl", hash = "sha256:602f65afdef699cda27ec0b9224ae5dc43e328f4c24c689deaf77133dbee74d0"},
    {file = "numpy-2.4.2-pp311-pypy311_pp73-win_amd64.whl", hash = "sha256:be71bf1edb48ebbbf7f6337b5bfd2f895d1902f6335a5830b20141fc126ffba0"},
    {file = "numpy-2.4.2.tar.gz", hash = "sha256:659a6107e31a83c4e33f763942275fd278b21d095094044eb35569e86a21ddae"},
]

[[package]]
name = "opencv-contrib-python"
version = "4.13.0.92"
description = "Wrapper package for OpenCV python bindings."
optional = false
python-versions = ">=3.6"
groups = ["main"]
files = [
    {file = "opencv_contrib_python-4.13.0.92-cp37-abi3-macosx_13_0_arm64.whl", hash = "sha256:53c8ab81376210dda5836307eb6bda7266f39a3820a9a070c7131510ba815fe1"},
    {file = "opencv_contrib_python-4.13.0.92-cp37-abi3-macosx_14_0_x86_64.whl", hash = "sha256:1973d0fc773873f9d1b5bf0d1b65895da2f47b06ba033b7d58393f5c28ba0778"},
    {file = "opencv_contrib_python-4.13.0.92-cp37-abi3-manylinux2014_aarch64.manylinux_2_17_aarch64.whl", hash = "sha256:5f9cb522dd9e465dfca3536c15288f7936b9827432fb9c885eaf94dc5f88c2a3"},
    {file = "opencv_contrib_python-4.13.0.92-cp37-abi3-manylinux2014_x86_64.manylinux_2_17_x86_64.whl", hash = "sha256:f9ceec5886419860a31b518991a99e978e5a6a78dca1470103ad4ede0155f156"},
    {file = "opencv_contrib_python-4.13.0.92-cp37-abi3-manylinux_2_28_aarch64.whl", hash = "sha256:a3c54377c5cf9c45d9b1a207df26dc8fe4f1042d07036cb17d80930c04b25d97"},
    {file = "opencv_contrib_python-4.13.0.92-cp37-abi3-manylinux_2_28_x86_64.whl", hash = "sha256:fc5ee50e2be9d40e913536f7f20cc6f87f25d8e413ebb32a3335ab6edf245d3e"},
    {file = "opencv_contrib_python-4.13.0.92-cp37-abi3-win32.whl", hash = "sha256:f5d02357f4d5575c300eab3ec1c7ecfed3a9a53e55a76927bab7cfc9e0a67b68"},
    {file = "opencv_contrib_python-4.13.0.92-cp37-abi3-win_amd64.whl", hash = "sha256:cb694dcf76bb2c8d7fa573fc1a99339e8b6640194d7778381e74cc3445369e45"},
]

[package.dependencies]
numpy = {version = ">=2", markers = "python_version >= \"3.9\""}

[[package]]
name = "packaging"
version = "26.0"
description = "Core utilities for Python packages"
optional = false
python-versions = ">=3.8"
groups = ["main"]
files = [
    {file = "packaging-26.0-py3-none-any.whl", hash = "sha256:b36f1fef9334a5588b4166f8bcd26a14e521f2b55e6b9de3aaa80d3ff7a37529"},
    {file = "packaging-26.0.tar.gz", hash = "sha256:00243ae351a257117b6a241061796684b084ed1c516a08c48a3f7e147a9d80b4"},
]

[[package]]
name = "pycairo"
version = "1.29.0"
description = "Python interface for cairo"
optional = false
python-versions = ">=3.10"
groups = ["main"]
files = [
    {file = "pycairo-1.29.0-cp310-cp310-win32.whl", hash = "sha256:96c67e6caba72afd285c2372806a0175b1aa2f4537aa88fb4d9802d726effcd1"},
    {file = "pycairo-1.29.0-cp310-cp310-win_amd64.whl", hash = "sha256:65bddd944aee9f7d7d72821b1c87e97593856617c2820a78d589d66aa8afbd08"},
    {file = "pycairo-1.29.0-cp310-cp310-win_arm64.whl", hash = "sha256:15b36aea699e2ff215cb6a21501223246032e572a3a10858366acdd69c81a1c8"},
    {file = "pycairo-1.29.0-cp311-cp311-win32.whl", hash = "sha256:12757ebfb304b645861283c20585c9204c3430671fad925419cba04844d6dfed"},
    {file = "pycairo-1.29.0-cp311-cp311-win_amd64.whl", hash = "sha256:3391532db03f9601c1cee9ebfa15b7d1db183c6020f3e75c1348cee16825934f"},
    {file = "pycairo-1.29.0-cp311-cp311-win_arm64.whl", hash = "sha256:b69be8bb65c46b680771dc6a1a422b1cdd0cffb17be548f223e8cbbb6205567c"},
    {file = "pycairo-1.29.0-cp312-cp312-win32.whl", hash = "sha256:91bcd7b5835764c616a615d9948a9afea29237b34d2ed013526807c3d79bb1d0"},
    {file = "pycairo-1.29.0-cp312-cp312-win_amd64.whl", hash = "sha256:3f01c3b5e49ef9411fff6bc7db1e765f542dc1c9cfed4542958a5afa3a8b8e76"},
    {file = "pycairo-1.29.0-cp312-cp312-win_arm64.whl", hash = "sha256:eafe3d2076f3533535ad4a361fa0754e0ee66b90e548a3a0f558fed00b1248f2"},
    {file = "pycairo-1.29.0-cp313-cp313-win32.whl", hash = "sha256:3eb382a4141591807073274522f7aecab9e8fa2f14feafd11ac03a13a58141d7"},
    {file = "pycairo-1.29.0-cp313-cp313-win_amd64.whl", hash = "sha256:91114e4b3fbf4287c2b0788f83e1f566ce031bda49cf1c3c3c19c3e986e95c38"},
    {file = "pycairo-1.29.0-cp313-cp313-win_arm64.whl", hash = "sha256:09b7f69a5ff6881e151354ea092137b97b0b1f0b2ab4eb81c92a02cc4a08e335"},
    {file = "pycairo-1.29.0-cp314-cp314-win32.whl", hash = "sha256:69e2a7968a3fbb839736257bae153f547bca787113cc8d21e9e08ca4526e0b6b"},
    {file = "pycairo-1.29.0-cp314-cp314-win_amd64.whl", hash = "sha256:e91243437a21cc4c67c401eff4433eadc45745275fa3ade1a0d877e50ffb90da"},
    {file = "pycairo-1.29.0-cp314-cp314-win_arm64.whl", hash = "sha256:b72200ea0e5f73ae4c788cd2028a750062221385eb0e6d8f1ecc714d0b4fdf82"},
    {file = "pycairo-1.29.0-cp314-cp314t-win_amd64.whl", hash = "sha256:5e45fce6185f553e79e4ef1722b8e98e6cde9900dbc48cb2637a9ccba86f627a"},
    {file = "pycairo-1.29.0-cp314-cp314t-win_arm64.whl", hash = "sha256:caba0837a4b40d47c8dfb0f24cccc12c7831e3dd450837f2a356c75f21ce5a15"},
    {file = "pycairo-1.29.0.tar.gz", hash = "sha256:f3f7fde97325cae80224c09f12564ef58d0d0f655da0e3b040f5807bd5bd3142"},
]

[[package]]
name = "pyepics"
version = "3.5.9"
description = "Epics Channel Access for Python"
optional = false
python-versions = ">=3.10"
groups = ["main"]
files = [
    {file = "pyepics-3.5.9-py3-none-any.whl", hash = "sha256:b9863cc55a58542f0a28ad04621d4471f649e9cacfa4ccf346a58d6ba158640c"},
    {file = "pyepics-3.5.9.tar.gz", hash = "sha256:78222c1a8aff55bc7a93bdcb6eea9cb544fa8b9122daed1e7ea5b5e87269d45c"},
]

[package.dependencies]
numpy = ">=1.26"
pyparsing = "*"

[package.extras]
all = ["pyepics[doc,test]"]
doc = ["Sphinx", "numpydoc"]
test = ["coverage", "psutil ; platform_system == \"Linux\"", "pytest", "pytest-cov"]

[[package]]
name = "pygobject"
version = "3.54.5"
description = "Python bindings for GObject Introspection"
optional = false
python-versions = ">=3.9"
groups = ["main"]
files = [
    {file = "pygobject-3.54.5.tar.gz", hash = "sha256:b6656f6348f5245606cf15ea48c384c7f05156c75ead206c1b246c80a22fb585"},
]

[package.dependencies]
pycairo = ">=1.16"

[[package]]
name = "pyparsing"
version = "3.3.2"
description = "pyparsing - Classes and methods to define and execute parsing grammars"
optional = false
python-versions = ">=3.9"
groups = ["main"]
files = [
    {file = "pyparsing-3.3.2-py3-none-any.whl", hash = "sha256:850ba148bd908d7e2411587e247a1e4f0327839c40e2e5e6d05a007ecc69911d"},
    {file = "pyparsing-3.3.2.tar.gz", hash = "sha256:c777f4d763f140633dcb6d8a3eda953bf7a214dc4eff598413c070bcdc117cbc"},
]

[package.extras]
diagrams = ["jinja2", "railroad-diagrams"]

[[package]]
name = "pyyaml"
version = "6.0.3"
description = "YAML parser and emitter for Python"
optional = false
python-versions = ">=3.8"
groups = ["main"]
files = [
    {file = "PyYAML-6.0.3-cp38-cp38-macosx_10_13_x86_64.whl", hash = "sha256:c2514fceb77bc5e7a2f7adfaa1feb2fb311607c9cb518dbc378688ec73d8292f"},
    {file = "PyYAML-6.0.3-cp38-cp38-manylinux2014_aarch64.manylinux_2_17_aarch64.manylinux_2_28_aarch64.whl", hash = "sha256:9c57bb8c96f6d1808c030b1687b9b5fb476abaa47f0db9c0101f5e9f394e97f4"},
    {file = "PyYAML-6.0.3-cp38-cp38-manylinux2014_s390x.manylinux_2_17_s390x.manylinux_2_28_s390x.whl", hash = "sha256:efd7b85f94a6f21e4932043973a7ba2613b059c4a000551892ac9f1d11f5baf3"},
    {file = "PyYAML-6.0.3-cp38-cp38-manylinux2014_x86_64.manylinux_2_17_x86_64.manylinux_2_28_x86_64.whl", hash = "sha256:22ba7cfcad58ef3ecddc7ed1db3409af68d023b7f940da23c6c2a1890976eda6"},
    {file = "PyYAML-6.0.3-cp38-cp38-musllinux_1_2_x86_64.whl", hash = "sha256:6344df0d5755a2c9a276d4473ae6b90647e216ab4757f8426893b5dd2ac3f369"},
    {file = "PyYAML-6.0.3-cp38-cp38-win32.whl", hash = "sha256:3ff07ec89bae51176c0549bc4c63aa6202991da2d9a6129d7aef7f1407d3f295"},
    {file = "PyYAML-6.0.3-cp38-cp38-win_amd64.whl", hash = "sha256:5cf4e27da7e3fbed4d6c3d8e797387aaad68102272f8f9752883bc32d61cb87b"},
    {file = "pyyaml-6.0.3-cp310-cp310-macosx_10_13_x86_64.whl", hash = "sha256:214ed4befebe12df36bcc8bc2b64b396ca31be9304b8f59e25c11cf94a4c033b"},
    {file = "pyyaml-6.0.3-cp310-cp310-macosx_11_0_arm64.whl", hash = "sha256:02ea2dfa234451bbb8772601d7b8e426c2bfa197136796224e50e35a78777956"},
    {file = "pyyaml-6.0.3-cp310-cp310-manylinux2014_aarch64.manylinux_2_17_aarch64.manylinux_2_28_aarch64.whl", hash = "sha256:b30236e45cf30d2b8e7b3e85881719e98507abed1011bf463a8fa23e9c3e98a8"},
    {file = "pyyaml-6.0.3-cp310-cp310-manylinux2014_s390x.manylinux_2_17_s390x.manylinux_2_28_s390x.whl", hash = "sha256:66291b10affd76d76f54fad28e22e51719ef9ba22b29e1d7d03d6777a9174198"},
    {file = "pyyaml-6.0.3-cp310-cp310-manylinux2014_x86_64.manylinux_2_17_x86_64.manylinux_2_28_x86_64.whl", hash = "sha256:9c7708761fccb9397fe64bbc0395abcae8c4bf7b0eac081e12b809bf47700d0b"},
    {file = "pyyaml-6.0.3-cp310-cp310-musllinux_1_2_aarch64.whl", hash = "sha256:418cf3f2111bc80e0933b2cd8cd04f286338bb88bdc7bc8e6dd775ebde60b5e0"},
    {file = "pyyaml-6.0.3-cp310-cp310-musllinux_1_2_x86_64.whl", hash = "sha256:5e0b74767e5f8c593e8c9b5912019159ed0533c70051e9cce3e8b6aa699fcd69"},
    {file = "pyyaml-6.0.3-cp310-cp310-win32.whl", hash = "sha256:28c8d926f98f432f88adc23edf2e6d4921ac26fb084b028c733d01868d19007e"},
    {file = "pyyaml-6.0.3-cp310-cp310-win_amd64.whl", hash = "sha256:bdb2c67c6c1390b63c6ff89f210c8fd09d9a1217a465701eac7316313c915e4c"},
    {file = "pyyaml-6.0.3-cp311-cp311-macosx_10_13_x86_64.whl", hash = "sha256:44edc647873928551a01e7a563d7452ccdebee747728c1080d881d68af7b997e"},
    {file = "pyyaml-6.0.3-cp311-cp311-macosx_11_0_arm64.whl", hash = "sha256:652cb6edd41e718550aad172851962662ff2681490a8a711af6a4d288dd96824"},
    {file = "pyyaml-6.0.3-cp311-cp311-manylinux2014_aarch64.manylinux_2_17_aarch64.manylinux_2_28_aarch64.whl", hash = "sha256:10892704fc220243f5305762e276552a0395f7beb4dbf9b14ec8fd43b57f126c"},
    {file = "pyyaml-6.0.3-cp311-cp311-manylinux2014_s390x.manylinux_2_17_s390x.manylinux_2_28_s390x.whl", hash = "sha256:850774a7879607d3a6f50d36d04f00ee69e7fc816450e5f7e58d7f17f1ae5c00"},
    {file = "pyyaml-6.0.3-cp311-cp311-manylinux2014_x86_64.manylinux_2_17_x86_64.manylinux_2_28_x86_64.whl", hash = "sha256:b8bb0864c5a28024fac8a632c443c87c5aa6f215c0b126c449ae1a150412f31d"},
    {file = "pyyaml-6.0.3-cp311-cp311-musllinux_1_2_aarch64.whl", hash = "sha256:1d37d57ad971609cf3c53ba6a7e365e40660e3be0e5175fa9f2365a379d6095a"},
    {file = "pyyaml-6.0.3-cp311-cp311-musllinux_1_2_x86_64.whl", hash = "sha256:37503bfbfc9d2c40b344d06b2199cf0e96e97957ab1c1b546fd4f87e53e5d3e4"},
    {file = "pyyaml-6.0.3-cp311-cp311-win32.whl", hash = "sha256:8098f252adfa6c80ab48096053f512f2321f0b998f98150cea9bd23d83e1467b"},
    {file = "pyyaml-6.0.3-cp311-cp311-win_amd64.whl", hash = "sha256:9f3bfb4965eb874431221a3ff3fdcddc7e74e3b07799e0e84ca4a0f867d449bf"},
    {file = "pyyaml-6.0.3-cp312-cp312-macosx_10_13_x86_64.whl", hash = "sha256:7f047e29dcae44602496db43be01ad42fc6f1cc0d8cd6c83d342306c32270196"},
    {file = "pyyaml-6.0.3-cp312-cp312-macosx_11_0_arm64.whl", hash = "sha256:fc09d0aa354569bc501d4e787133afc08552722d3ab34836a80547331bb5d4a0"},
    {file = "pyyaml-6.0.3-cp312-cp312-manylinux2014_aarch64.manylinux_2_17_aarch64.manylinux_2_28_aarch64.whl", hash = "sha256:9149cad251584d5fb4981be1ecde53a1ca46c891a79788c0df828d2f166bda28"},
    {file = "pyyaml-6.0.3-cp312-cp312-manylinux2014_s390x.manylinux_2_17_s390x.manylinux_2_28_s390x.whl", hash = "sha256:5fdec68f91a0c6739b380c83b951e2c72ac0197ace422360e6d5a959d8d97b2c"},
    {file = "pyyaml-6.0.3-cp312-cp312-manylinux2014_x86_64.manylinux_2_17_x86_64.manylinux_2_28_x86_64.whl", hash = "sha256:ba1cc08a7ccde2d2ec775841541641e4548226580ab850948cbfda66a1befcdc"},
    {file = "pyyaml-6.0.3-cp312-cp312-musllinux_1_2_aarch64.whl", hash = "sha256:8dc52c23056b9ddd46818a57b78404882310fb473d63f17b07d5c40421e47f8e"},
    {file = "pyyaml-6.0.3-cp312-cp312-musllinux_1_2_x86_64.whl", hash = "sha256:41715c910c881bc081f1e8872880d3c650acf13dfa8214bad49ed4cede7c34ea"},
    {file = "pyyaml-6.0.3-cp312-cp312-win32.whl", hash = "sha256:96b533f0e99f6579b3d4d4995707cf36df9100d67e0c8303a0c55b27b5f99bc5"},
    {file = "pyyaml-6.0.3-cp312-cp312-win_amd64.whl", hash = "sha256:5fcd34e47f6e0b794d17de1b4ff496c00986e1c83f7ab2fb8fcfe9616ff7477b"},
    {file = "pyyaml-6.0.3-cp312-cp312-win_arm64.whl", hash = "sha256:64386e5e707d03a7e172c0701abfb7e10f0fb753ee1d773128192742712a98fd"},
    {file = "pyyaml-6.0.3-cp313-cp313-macosx_10_13_x86_64.whl", hash = "sha256:8da9669d359f02c0b91ccc01cac4a67f16afec0dac22c2ad09f46bee0697eba8"},
    {file = "pyyaml-6.0.3-cp313-cp313-macosx_11_0_arm64.whl", hash = "sha256:2283a07e2c21a2aa78d9c4442724ec1eb15f5e42a723b99cb3d822d48f5f7ad1"},
    {file = "pyyaml-6.0.3-cp313-cp313-manylinux2014_aarch64.manylinux_2_17_aarch64.manylinux_2_28_aarch64.whl", hash = "sha256:ee2922902c45ae8ccada2c5b501ab86c36525b883eff4255313a253a3160861c"},
    {file = "pyyaml-6.0.3-cp313-cp313-manylinux2014_s390x.manylinux_2_17_s390x.manylinux_2_28_s390x.whl", hash = "sha256:a33284e20b78bd4a18c8c2282d549d10bc8408a2a7ff57653c0cf0b9be0afce5"},
    {file = "pyyaml-6.0.3-cp313-cp313-manylinux2014_x86_64.manylinux_2_17_x86_64.manylinux_2_28_x86_64.whl", hash = "sha256:0f29edc409a6392443abf94b9cf89ce99889a1dd5376d94316ae5145dfedd5d6"},
    {file = "pyyaml-6.0.3-cp313-cp313-musllinux_1_2_aarch64.whl", hash = "sha256:f7057c9a337546edc7973c0d3ba84ddcdf0daa14533c2065749c9075001090e6"},
    {file = "pyyaml-6.0.3-cp313-cp313-musllinux_1_2_x86_64.whl", hash = "sha256:eda16858a3cab07b80edaf74336ece1f986ba330fdb8ee0d6c0d68fe82bc96be"},
    {file = "pyyaml-6.0.3-cp313-cp313-win32.whl", hash = "sha256:d0eae10f8159e8fdad514efdc92d74fd8d682c933a6dd088030f3834bc8e6b26"},
    {file = "pyyaml-6.0.3-cp313-cp313-win_amd64.whl", hash = "sha256:79005a0d97d5ddabfeeea4cf676af11e647e41d81c9a7722a193022accdb6b7c"},
    {file = "pyyaml-6.0.3-cp313-cp313-win_arm64.whl", hash = "sha256:5498cd1645aa724a7c71c8f378eb29ebe23da2fc0d7a08071d89469bf1d2defb"},
    {file = "pyyaml-6.0.3-cp314-cp314-macosx_10_13_x86_64.whl", hash = "sha256:8d1fab6bb153a416f9aeb4b8763bc0f22a5586065f86f7664fc23339fc1c1fac"},
    {file = "pyyaml-6.0.3-cp314-cp314-macosx_11_0_arm64.whl", hash = "sha256:34d5fcd24b8445fadc33f9cf348c1047101756fd760b4dacb5c3e99755703310"},
    {file = "pyyaml-6.0.3-cp314-cp314-manylinux2014_aarch64.manylinux_2_17_aarch64.manylinux_2_28_aarch64.whl", hash = "sha256:501a031947e3a9025ed4405a168e6ef5ae3126c59f90ce0cd6f2bfc477be31b7"},
    {file = "pyyaml-6.0.3-cp314-cp314-manylinux2014_s390x.manylinux_2_17_s390x.manylinux_2_28_s390x.whl", hash = "sha256:b3bc83488de33889877a0f2543ade9f70c67d66d9ebb4ac959502e12de895788"},
    {file = "pyyaml-6.0.3-cp314-cp314-manylinux2014_x86_64.manylinux_2_17_x86_64.manylinux_2_28_x86_64.whl", hash = "sha256:c458b6d084f9b935061bc36216e8a69a7e293a2f1e68bf956dcd9e6cbcd143f5"},
    {file = "pyyaml-6.0.3-cp314-cp314-musllinux_1_2_aarch64.whl", hash = "sha256:7c6610def4f163542a622a73fb39f534f8c101d690126992300bf3207eab9764"},
    {file = "pyyaml-6.0.3-cp314-cp314-musllinux_1_2_x86_64.whl", hash = "sha256:5190d403f121660ce8d1d2c1bb2ef1bd05b5f68533fc5c2ea899bd15f4399b35"},
    {file = "pyyaml-6.0.3-cp314-cp314-win_amd64.whl", hash = "sha256:4a2e8cebe2ff6ab7d1050ecd59c25d4c8bd7e6f400f5f82b96557ac0abafd0ac"},
    {file = "pyyaml-6.0.3-cp314-cp314-win_arm64.whl", hash = "sha256:93dda82c9c22deb0a405ea4dc5f2d0cda384168e466364dec6255b293923b2f3"},
    {file = "pyyaml-6.0.3-cp314-cp314t-macosx_10_13_x86_64.whl", hash = "sha256:02893d100e99e03eda1c8fd5c441d8c60103fd175728e23e431db1b589cf5ab3"},
    {file = "pyyaml-6.0.3-cp314-cp314t-macosx_11_0_arm64.whl", hash = "sha256:c1ff362665ae507275af2853520967820d9124984e0f7466736aea23d8611fba"},
    {file = "pyyaml-6.0.3-cp314-cp314t-manylinux2014_aarch64.manylinux_2_17_aarch64.manylinux_2_28_aarch64.whl", hash = "sha256:6adc77889b628398debc7b65c073bcb99c4a0237b248cacaf3fe8a557563ef6c"},
    {file = "pyyaml-6.0.3-cp314-cp314t-manylinux2014_s390x.manylinux_2_17_s390x.manylinux_2_28_s390x.whl", hash = "sha256:a80cb027f6b349846a3bf6d73b5e95e782175e52f22108cfa17876aaeff93702"},
    {file = "pyyaml-6.0.3-cp314-cp314t-manylinux2014_x86_64.manylinux_2_17_x86_64.manylinux_2_28_x86_64.whl", hash = "sha256:00c4bdeba853cc34e7dd471f16b4114f4162dc03e6b7afcc2128711f0eca823c"},
    {file = "pyyaml-6.0.3-cp314-cp314t-musllinux_1_2_aarch64.whl", hash = "sha256:66e1674c3ef6f541c35191caae2d429b967b99e02040f5ba928632d9a7f0f065"},
    {file = "pyyaml-6.0.3-cp314-cp314t-musllinux_1_2_x86_64.whl", hash = "sha256:16249ee61e95f858e83976573de0f5b2893b3677ba71c9dd36b9cf8be9ac6d65"},
    {file = "pyyaml-6.0.3-cp314-cp314t-win_amd64.whl", hash = "sha256:4ad1906908f2f5ae4e5a8ddfce73c320c2a1429ec52eafd27138b7f1cbe341c9"},
    {file = "pyyaml-6.0.3-cp314-cp314t-win_arm64.whl", hash = "sha256:ebc55a14a21cb14062aa4162f906cd962b28e2e9ea38f9b4391244cd8de4ae0b"},
    {file = "pyyaml-6.0.3-cp39-cp39-macosx_10_13_x86_64.whl", hash = "sha256:b865addae83924361678b652338317d1bd7e79b1f4596f96b96c77a5a34b34da"},
    {file = "pyyaml-6.0.3-cp39-cp39-macosx_11_0_arm64.whl", hash = "sha256:c3355370a2c156cffb25e876646f149d5d68f5e0a3ce86a5084dd0b64a994917"},
    {file = "pyyaml-6.0.3-cp39-cp39-manylinux2014_aarch64.manylinux_2_17_aarch64.manylinux_2_28_aarch64.whl", hash = "sha256:3c5677e12444c15717b902a5798264fa7909e41153cdf9ef7ad571b704a63dd9"},
    {file = "pyyaml-6.0.3-cp39-cp39-manylinux2014_s390x.manylinux_2_17_s390x.manylinux_2_28_s390x.whl", hash = "sha256:5ed875a24292240029e4483f9d4a4b8a1ae08843b9c54f43fcc11e404532a8a5"},
    {file = "pyyaml-6.0.3-cp39-cp39-manylinux2014_x86_64.manylinux_2_17_x86_64.manylinux_2_28_x86_64.whl", hash = "sha256:0150219816b6a1fa26fb4699fb7daa9caf09eb1999f3b70fb6e786805e80375a"},
    {file = "pyyaml-6.0.3-cp39-cp39-musllinux_1_2_aarch64.whl", hash = "sha256:fa160448684b4e94d80416c0fa4aac48967a969efe22931448d853ada8baf926"},
    {file = "pyyaml-6.0.3-cp39-cp39-musllinux_1_2_x86_64.whl", hash = "sha256:27c0abcb4a5dac13684a37f76e701e054692a9b2d3064b70f5e4eb54810553d7"},
    {file = "pyyaml-6.0.3-cp39-cp39-win32.whl", hash = "sha256:1ebe39cb5fc479422b83de611d14e2c0d3bb2a18bbcb01f229ab3cfbd8fee7a0"},
    {file = "pyyaml-6.0.3-cp39-cp39-win_amd64.whl", hash = "sha256:2e71d11abed7344e42a8849600193d15b6def118602c4c176f748e4583246007"},
    {file = "pyyaml-6.0.3.tar.gz", hash = "sha256:d76623373421df22fb4cf8817020cbb7ef15c725b9d5e45f17e189bfc384190f"},
]

[[package]]
name = "redis"
version = "7.1.0"
description = "Python client for Redis database and key-value store"
optional = false
python-versions = ">=3.10"
groups = ["main"]
files = [
    {file = "redis-7.1.0-py3-none-any.whl", hash = "sha256:23c52b208f92b56103e17c5d06bdc1a6c2c0b3106583985a76a18f83b265de2b"},
    {file = "redis-7.1.0.tar.gz", hash = "sha256:b1cc3cfa5a2cb9c2ab3ba700864fb0ad75617b41f01352ce5779dabf6d5f9c3c"},
]

[package.dependencies]
async-timeout = {version = ">=4.0.3", markers = "python_full_version < \"3.11.3\""}

[package.extras]
circuit-breaker = ["pybreaker (>=1.4.0)"]
hiredis = ["hiredis (>=3.2.0)"]
jwt = ["pyjwt (>=2.9.0)"]
ocsp = ["cryptography (>=36.0.1)", "pyopenssl (>=20.0.1)", "requests (>=2.31.0)"]

[[package]]
name = "twisted"
version = "25.5.0"
description = "An asynchronous networking framework written in Python"
optional = false
python-versions = ">=3.8.0"
groups = ["main"]
files = [
    {file = "twisted-25.5.0-py3-none-any.whl", hash = "sha256:8559f654d01a54a8c3efe66d533d43f383531ebf8d81d9f9ab4769d91ca15df7"},
    {file = "twisted-25.5.0.tar.gz", hash = "sha256:1deb272358cb6be1e3e8fc6f9c8b36f78eb0fa7c2233d2dbe11ec6fee04ea316"},
]

[package.dependencies]
attrs = ">=22.2.0"
automat = ">=24.8.0"
constantly = ">=15.1"
hyperlink = ">=17.1.1"
incremental = ">=24.7.0"
typing-extensions = ">=4.2.0"
zope-interface = ">=5"

[package.extras]
all-non-platform = ["appdirs (>=1.4.0)", "appdirs (>=1.4.0)", "bcrypt (>=3.1.3)", "bcrypt (>=3.1.3)", "cryptography (>=3.3)", "cryptography (>=3.3)", "cython-test-exception-raiser (>=1.0.2,<2)", "cython-test-exception-raiser (>=1.0.2,<2)", "h2 (>=3.2,<5.0)", "h2 (>=3.2,<5.0)", "httpx[http2] (>=0.27)", "httpx[http2] (>=0.27)", "hypothesis (>=6.56)", "hypothesis (>=6.56)", "idna (>=2.4)", "idna (>=2.4)", "priority (>=1.1.0,<2.0)", "priority (>=1.1.0,<2.0)", "pyhamcrest (>=2)", "pyhamcrest (>=2)", "pyopenssl (>=21.0.0)", "pyopenssl (>=21.0.0)", "pyserial (>=3.0)", "pyserial (>=3.0)", "pywin32 (!=226) ; platform_system == \"Windows\"", "pywin32 (!=226) ; platform_system == \"Windows\"", "service-identity (>=18.1.0)", "service-identity (>=18.1.0)", "wsproto", "wsproto"]
conch = ["appdirs (>=1.4.0)", "bcrypt (>=3.1.3)", "cryptography (>=3.3)"]
dev = ["coverage (>=7.5,<8.0)", "cython-test-exception-raiser (>=1.0.2,<2)", "httpx[http2] (>=0.27)", "hypothesis (>=6.56)", "pydoctor (>=24.11.1,<24.12.0)", "pyflakes (>=2.2,<3.0)", "pyhamcrest (>=2)", "python-subunit (>=1.4,<2.0)", "sphinx (>=6,<7)", "sphinx-rtd-theme (>=1.3,<2.0)", "towncrier (>=23.6,<24.0)", "twistedchecker (>=0.7,<1.0)"]
dev-release = ["pydoctor (>=24.11.1,<24.12.0)", "pydoctor (>=24.11.1,<24.12.0)", "sphinx (>=6,<7)", "sphinx (>=6,<7)", "sphinx-rtd-theme (>=1.3,<2.0)", "sphinx-rtd-theme (>=1.3,<2.0)", "towncrier (>=23.6,<24.0)", "towncrier (>=23.6,<24.0)"]
gtk-platform = ["appdirs (>=1.4.0)", "appdirs (>=1.4.0)", "bcrypt (>=3.1.3)", "bcrypt (>=3.1.3)", "cryptography (>=3.3)", "cryptography (>=3.3)", "cython-test-exception-raiser (>=1.0.2,<2)", "cython-test-exception-raiser (>=1.0.2,<2)", "h2 (>=3.2,<5.0)", "h2 (>=3.2,<5.0)", "httpx[http2] (>=0.27)", "httpx[http2] (>=0.27)", "hypothesis (>=6.56)", "hypothesis (>=6.56)", "idna (>=2.4)", "idna (>=2.4)", "priority (>=1.1.0,<2.0)", "priority (>=1.1.0,<2.0)", "pygobject", "pygobject", "pyhamcrest (>=2)", "pyhamcrest (>=2)", "pyopenssl (>=21.0.0)", "pyopenssl (>=21.0.0)", "pyserial (>=3.0)", "pyserial (>=3.0)", "pywin32 (!=226) ; platform_system == \"Windows\"", "pywin32 (!=226) ; platform_system == \"Windows\"", "service-identity (>=18.1.0)", "service-identity (>=18.1.0)", "wsproto", "wsproto"]
http2 = ["h2 (>=3.2,<5.0)", "priority (>=1.1.0,<2.0)"]
macos-platform = ["appdirs (>=1.4.0)", "appdirs (>=1.4.0)", "bcrypt (>=3.1.3)", "bcrypt (>=3.1.3)", "cryptography (>=3.3)", "cryptography (>=3.3)", "cython-test-exception-raiser (>=1.0.2,<2)", "cython-test-exception-raiser (>=1.0.2,<2)", "h2 (>=3.2,<5.0)", "h2 (>=3.2,<5.0)", "httpx[http2] (>=0.27)", "httpx[http2] (>=0.27)", "hypothesis (>=6.56)", "hypothesis (>=6.56)", "idna (>=2.4)", "idna (>=2.4)", "priority (>=1.1.0,<2.0)", "priority (>=1.1.0,<2.0)", "pyhamcrest (>=2)", "pyhamcrest (>=2)", "pyobjc-core (<11) ; python_version < \"3.9\"", "pyobjc-core (<11) ; python_version < \"3.9\"", "pyobjc-core ; python_version >= \"3.9\"", "pyobjc-core ; python_version >= \"3.9\"", "pyobjc-framework-cfnetwork (<11) ; python_version < \"3.9\"", "pyobjc-framework-cfnetwork (<11) ; python_version < \"3.9\"", "pyobjc-framework-cfnetwork ; python_version >= \"3.9\"", "pyobjc-framework-cfnetwork ; python_version >= \"3.9\"", "pyobjc-framework-cocoa (<11) ; python_version < \"3.9\"", "pyobjc-framework-cocoa (<11) ; python_version < \"3.9\"", "pyobjc-framework-cocoa ; python_version >= \"3.9\"", "pyobjc-framework-cocoa ; python_version >= \"3.9\"", "pyopenssl (>=21.0.0)", "pyopenssl (>=21.0.0)", "pyserial (>=3.0)", "pyserial (>=3.0)", "pywin32 (!=226) ; platform_system == \"Windows\"", "pywin32 (!=226) ; platform_system == \"Windows\"", "service-identity (>=18.1.0)", "service-identity (>=18.1.0)", "wsproto", "wsproto"]
mypy = ["appdirs (>=1.4.0)", "bcrypt (>=3.1.3)", "coverage (>=7.5,<8.0)", "cryptography (>=3.3)", "cython-test-exception-raiser (>=1.0.2,<2)", "h2 (>=3.2,<5.0)", "httpx[http2] (>=0.27)", "hypothesis (>=6.56)", "idna (>=2.4)", "mypy (==1.10.1)", "mypy-zope (==1.0.6)", "priority (>=1.1.0,<2.0)", "pydoctor (>=24.11.1,<24.12.0)", "pyflakes (>=2.2,<3.0)", "pyhamcrest (>=2)", "pyopenssl (>=21.0.0)", "pyserial (>=3.0)", "python-subunit (>=1.4,<2.0)", "pywin32 (!=226) ; platform_system == \"Windows\"", "service-identity (>=18.1.0)", "sphinx (>=6,<7)", "sphinx-rtd-theme (>=1.3,<2.0)", "towncrier (>=23.6,<24.0)", "twistedchecker (>=0.7,<1.0)", "types-pyopenssl", "types-setuptools", "wsproto"]
osx-platform = ["appdirs (>=1.4.0)", "appdirs (>=1.4.0)", "bcrypt (>=3.1.3)", "bcrypt (>=3.1.3)", "cryptography (>=3.3)", "cryptography (>=3.3)", "cython-test-exception-raiser (>=1.0.2,<2)", "cython-test-exception-raiser (>=1.0.2,<2)", "h2 (>=3.2,<5.0)", "h2 (>=3.2,<5.0)", "httpx[http2] (>=0.27)", "httpx[http2] (>=0.27)", "hypothesis (>=6.56)", "hypothesis (>=6.56)", "idna (>=2.4)", "idna (>=2.4)", "priority (>=1.1.0,<2.0)", "priority (>=1.1.0,<2.0)", "pyhamcrest (>=2)", "pyhamcrest (>=2)", "pyobjc-core (<11) ; python_version < \"3.9\"", "pyobjc-core (<11) ; python_version < \"3.9\"", "pyobjc-core ; python_version >= \"3.9\"", "pyobjc-core ; python_version >= \"3.9\"", "pyobjc-framework-cfnetwork (<11) ; python_version < \"3.9\"", "pyobjc-framework-cfnetwork (<11) ; python_version < \"3.9\"", "pyobjc-framework-cfnetwork ; python_version >= \"3.9\"", "pyobjc-framework-cfnetwork ; python_version >= \"3.9\"", "pyobjc-framework-cocoa (<11) ; python_version < \"3.9\"", "pyobjc-framework-cocoa (<11) ; python_version < \"3.9\"", "pyobjc-framework-cocoa ; python_version >= \"3.9\"", "pyobjc-framework-cocoa ; python_version >= \"3.9\"", "pyopenssl (>=21.0.0)", "pyopenssl (>=21.0.0)", "pyserial (>=3.0)", "pyserial (>=3.0)", "pywin32 (!=226) ; platform_system == \"Windows\"", "pywin32 (!=226) ; platform_system == \"Windows\"", "service-identity (>=18.1.0)", "service-identity (>=18.1.0)", "wsproto", "wsproto"]
serial = ["pyserial (>=3.0)", "pywin32 (!=226) ; platform_system == \"Windows\""]
test = ["cython-test-exception-raiser (>=1.0.2,<2)", "httpx[http2] (>=0.27)", "hypothesis (>=6.56)", "pyhamcrest (>=2)"]
tls = ["idna (>=2.4)", "pyopenssl (>=21.0.0)", "service-identity (>=18.1.0)"]
websocket = ["wsproto"]
windows-platform = ["appdirs (>=1.4.0)", "appdirs (>=1.4.0)", "bcrypt (>=3.1.3)", "bcrypt (>=3.1.3)", "cryptography (>=3.3)", "cryptography (>=3.3)", "cython-test-exception-raiser (>=1.0.2,<2)", "cython-test-exception-raiser (>=1.0.2,<2)", "h2 (>=3.2,<5.0)", "h2 (>=3.2,<5.0)", "httpx[http2] (>=0.27)", "httpx[http2] (>=0.27)", "hypothesis (>=6.56)", "hypothesis (>=6.56)", "idna (>=2.4)", "idna (>=2.4)", "priority (>=1.1.0,<2.0)", "priority (>=1.1.0,<2.0)", "pyhamcrest (>=2)", "pyhamcrest (>=2)", "pyopenssl (>=21.0.0)", "pyopenssl (>=21.0.0)", "pyserial (>=3.0)", "pyserial (>=3.0)", "pywin32 (!=226)", "pywin32 (!=226)", "pywin32 (!=226) ; platform_system == \"Windows\"", "pywin32 (!=226) ; platform_system == \"Windows\"", "service-identity (>=18.1.0)", "service-identity (>=18.1.0)", "twisted-iocpsupport (>=1.0.2)", "twisted-iocpsupport (>=1.0.2)", "wsproto", "wsproto"]

[[package]]
name = "typing-extensions"
version = "4.15.0"
description = "Backported and Experimental Type Hints for Python 3.9+"
optional = false
python-versions = ">=3.9"
groups = ["main"]
files = [
    {file = "typing_extensions-4.15.0-py3-none-any.whl", hash = "sha256:f0fa19c6845758ab08074a0cfa8b7aecb71c999ca73d62883bc25cc018c4e548"},
    {file = "typing_extensions-4.15.0.tar.gz", hash = "sha256:0cea48d173cc12fa28ecabc3b837ea3cf6f38c6d1136f85cbaaf598984861466"},
]

[[package]]
name = "zope-interface"
version = "8.2"
description = "Interfaces for Python"
optional = false
python-versions = ">=3.10"
groups = ["main"]
files = [
    {file = "zope_interface-8.2-cp310-cp310-macosx_10_9_x86_64.whl", hash = "sha256:788c293f3165964ec6527b2d861072c68eef53425213f36d3893ebee89a89623"},
    {file = "zope_interface-8.2-cp310-cp310-macosx_11_0_arm64.whl", hash = "sha256:9a4e785097e741a1c953b3970ce28f2823bd63c00adc5d276f2981dd66c96c15"},
    {file = "zope_interface-8.2-cp310-cp310-manylinux1_i686.manylinux2014_i686.manylinux_2_17_i686.manylinux_2_5_i686.whl", hash = "sha256:16c69da19a06566664ddd4785f37cad5693a51d48df1515d264c20d005d322e2"},
    {file = "zope_interface-8.2-cp310-cp310-manylinux1_x86_64.manylinux2014_x86_64.manylinux_2_17_x86_64.manylinux_2_5_x86_64.whl", hash = "sha256:c31acfa3d7cde48bec45701b0e1f4698daffc378f559bfb296837d8c834732f6"},
    {file = "zope_interface-8.2-cp310-cp310-manylinux2014_aarch64.manylinux_2_17_aarch64.whl", hash = "sha256:0723507127f8269b8f3f22663168f717e9c9742107d1b6c9f419df561b71aa6d"},
    {file = "zope_interface-8.2-cp310-cp310-win_amd64.whl", hash = "sha256:3bf73a910bb27344def2d301a03329c559a79b308e1e584686b74171d736be4e"},
    {file = "zope_interface-8.2-cp311-cp311-macosx_10_9_x86_64.whl", hash = "sha256:c65ade7ea85516e428651048489f5e689e695c79188761de8c622594d1e13322"},
    {file = "zope_interface-8.2-cp311-cp311-macosx_11_0_arm64.whl", hash = "sha256:a1ef4b43659e1348f35f38e7d1a6bbc1682efde239761f335ffc7e31e798b65b"},
    {file = "zope_interface-8.2-cp311-cp311-manylinux1_i686.manylinux2014_i686.manylinux_2_17_i686.manylinux_2_5_i686.whl", hash = "sha256:dfc4f44e8de2ff4eba20af4f0a3ca42d3c43ab24a08e49ccd8558b7a4185b466"},
    {file = "zope_interface-8.2-cp311-cp311-manylinux1_x86_64.manylinux2014_x86_64.manylinux_2_17_x86_64.manylinux_2_5_x86_64.whl", hash = "sha256:8f094bfb49179ec5dc9981cb769af1275702bd64720ef94874d9e34da1390d4c"},
    {file = "zope_interface-8.2-cp311-cp311-manylinux2014_aarch64.manylinux_2_17_aarch64.whl", hash = "sha256:d2bb8e7364e18f083bf6744ccf30433b2a5f236c39c95df8514e3c13007098ce"},
    {file = "zope_interface-8.2-cp311-cp311-win_amd64.whl", hash = "sha256:6f4b4dfcfdfaa9177a600bb31cebf711fdb8c8e9ed84f14c61c420c6aa398489"},
    {file = "zope_interface-8.2-cp312-cp312-macosx_10_9_x86_64.whl", hash = "sha256:624b6787fc7c3e45fa401984f6add2c736b70a7506518c3b537ffaacc4b29d4c"},
    {file = "zope_interface-8.2-cp312-cp312-macosx_11_0_arm64.whl", hash = "sha256:bc9ded9e97a0ed17731d479596ed1071e53b18e6fdb2fc33af1e43f5fd2d3aaa"},
    {file = "zope_interface-8.2-cp312-cp312-manylinux1_i686.manylinux2014_i686.manylinux_2_17_i686.manylinux_2_5_i686.whl", hash = "sha256:532367553e4420c80c0fc0cabcc2c74080d495573706f66723edee6eae53361d"},
    {file = "zope_interface-8.2-cp312-cp312-manylinux1_x86_64.manylinux2014_x86_64.manylinux_2_17_x86_64.manylinux_2_5_x86_64.whl", hash = "sha256:2bf9cf275468bafa3c72688aad8cfcbe3d28ee792baf0b228a1b2d93bd1d541a"},
    {file = "zope_interface-8.2-cp312-cp312-manylinux2014_aarch64.manylinux_2_17_aarch64.whl", hash = "sha256:0009d2d3c02ea783045d7804da4fd016245e5c5de31a86cebba66dd6914d59a2"},
    {file = "zope_interface-8.2-cp312-cp312-win_amd64.whl", hash = "sha256:845d14e580220ae4544bd4d7eb800f0b6034fe5585fc2536806e0a26c2ee6640"},
    {file = "zope_interface-8.2-cp313-cp313-macosx_10_9_x86_64.whl", hash = "sha256:6068322004a0158c80dfd4708dfb103a899635408c67c3b10e9acec4dbacefec"},
    {file = "zope_interface-8.2-cp313-cp313-macosx_11_0_arm64.whl", hash = "sha256:2499de92e8275d0dd68f84425b3e19e9268cd1fa8507997900fa4175f157733c"},
    {file = "zope_interface-8.2-cp313-cp313-manylinux1_i686.manylinux2014_i686.manylinux_2_17_i686.manylinux_2_5_i686.whl", hash = "sha256:f777e68c76208503609c83ca021a6864902b646530a1a39abb9ed310d1100664"},
    {file = "zope_interface-8.2-cp313-cp313-manylinux1_x86_64.manylinux2014_x86_64.manylinux_2_17_x86_64.manylinux_2_5_x86_64.whl", hash = "sha256:9b05a919fdb0ed6ea942e5a7800e09a8b6cdae6f98fee1bef1c9d1a3fc43aaa0"},
    {file = "zope_interface-8.2-cp313-cp313-manylinux2014_aarch64.manylinux_2_17_aarch64.whl", hash = "sha256:ccc62b5712dd7bd64cfba3ee63089fb11e840f5914b990033beeae3b2180b6cb"},
    {file = "zope_interface-8.2-cp313-cp313-win_amd64.whl", hash = "sha256:34f877d1d3bb7565c494ed93828fa6417641ca26faf6e8f044e0d0d500807028"},
    {file = "zope_interface-8.2-cp314-cp314-macosx_10_9_x86_64.whl", hash = "sha256:46c7e4e8cbc698398a67e56ca985d19cb92365b4aafbeb6a712e8c101090f4cb"},
    {file = "zope_interface-8.2-cp314-cp314-macosx_11_0_arm64.whl", hash = "sha256:a87fc7517f825a97ff4a4ca4c8a950593c59e0f8e7bfe1b6f898a38d5ba9f9cf"},
    {file = "zope_interface-8.2-cp314-cp314-manylinux1_i686.manylinux2014_i686.manylinux_2_17_i686.manylinux_2_5_i686.whl", hash = "sha256:ccf52f7d44d669203c2096c1a0c2c15d52e36b2e7a9413df50f48392c7d4d080"},
    {file = "zope_interface-8.2-cp314-cp314-manylinux1_x86_64.manylinux2014_x86_64.manylinux_2_17_x86_64.manylinux_2_5_x86_64.whl", hash = "sha256:aae807efc7bd26302eb2fea05cd6de7d59269ed6ae23a6de1ee47add6de99b8c"},
    {file = "zope_interface-8.2-cp314-cp314-manylinux2014_aarch64.manylinux_2_17_aarch64.whl", hash = "sha256:05a0e42d6d830f547e114de2e7cd15750dc6c0c78f8138e6c5035e51ddfff37c"},
    {file = "zope_interface-8.2-cp314-cp314-win_amd64.whl", hash = "sha256:561ce42390bee90bae51cf1c012902a8033b2aaefbd0deed81e877562a116d48"},
    {file = "zope_interface-8.2.tar.gz", hash = "sha256:afb20c371a601d261b4f6edb53c3c418c249db1a9717b0baafc9a9bb39ba1224"},
]

[package.extras]
docs = ["Sphinx", "furo", "repoze.sphinx.autointerface"]
test = ["coverage[toml]", "zope.event", "zope.testing"]
testing = ["coverage[toml]", "zope.event", "zope.testing"]

[metadata]
lock-version = "2.1"
python-versions = ">=3.11,<4"
content-hash = "09837e1fcc3317508498398c5940af50bba94d61a06a0a58034bb003ea082c30"
